
Microsoft Visual Studio Solution File, Format Version 12.00
Project("{FAE04EC0-301F-11D3-BF4B-00C04F79EFBC}") = "APDB11", "APDB11\APDB11.csproj", "{3068070E-C994-4FD9-B70F-4DE014EA077D}"
EndProject
Global
	GlobalSection(SolutionConfigurationPlatforms) = preSolution
		Debug|Any CPU = Debug|Any CPU
		Release|Any CPU = Release|Any CPU
	EndGlobalSection
	GlobalSection(ProjectConfigurationPlatforms) = postSolution
		{3068070E-C994-4FD9-B70F-4DE014EA077D}.Debug|Any CPU.ActiveCfg = Debug|Any CPU
		{3068070E-C994-4FD9-B70F-4DE014EA077D}.Debug|Any CPU.Build.0 = Debug|Any CPU
		{3068070E-C994-4FD9-B70F-4DE014EA077D}.Release|Any CPU.ActiveCfg = Release|Any CPU
		{3068070E-C994-4FD9-B70F-4DE014EA077D}.Release|Any CPU.Build.0 = Release|Any CPU
	EndGlobalSection
EndGlobal
